<?xml version="1.0" encoding="utf-8"?>
<Project ToolsVersion="4.0" xmlns="http://schemas.microsoft.com/developer/msbuild/2003">
  <ItemGroup>
    <Filter Include="Can">
      <UniqueIdentifier>{D7DC870B-43E6-877C-CC61-9E7C386A937C}</UniqueIdentifier>
    </Filter>
  </ItemGroup>
  <ItemGroup>
    <ClInclude Include="src\Can.h" />
    <ClInclude Include="src\Can\Application.h">
      <Filter>Can</Filter>
    </ClInclude>
    <ClInclude Include="src\Can\Core.h">
      <Filter>Can</Filter>
    </ClInclude>
    <ClInclude Include="src\Can\EntryPoint.h">
      <Filter>Can</Filter>
    </ClInclude>
    <ClInclude Include="src\Can\Log.h">
      <Filter>Can</Filter>
    </ClInclude>
    <ClInclude Include="src\Can\Events\ApplicationEvent.h" />
    <ClInclude Include="src\Can\Events\Event.h" />
    <ClInclude Include="src\Can\Events\KeyEvent.h" />
    <ClInclude Include="src\Can\Events\MouseEvent.h" />
    <ClInclude Include="src\canpch.h" />
  </ItemGroup>
  <ItemGroup>
    <ClCompile Include="src\Can\Application.cpp">
      <Filter>Can</Filter>
    </ClCompile>
    <ClCompile Include="src\Can\Log.cpp">
      <Filter>Can</Filter>
    </ClCompile>
    <ClCompile Include="src\canpch.cpp" />
  </ItemGroup>
</Project>