<?xml version="1.0" encoding="utf-8"?>
<Project ToolsVersion="4.0" xmlns="http://schemas.microsoft.com/developer/msbuild/2003">
  <ItemGroup>
    <Filter Include="Can">
      <UniqueIdentifier>{D7DC870B-43E6-877C-CC61-9E7C386A937C}</UniqueIdentifier>
    </Filter>
    <Filter Include="Can\Events">
      <UniqueIdentifier>{DBD057B7-C788-9904-3090-72601C6734F5}</UniqueIdentifier>
    </Filter>
    <Filter Include="Can\Layers">
      <UniqueIdentifier>{B6BB3AC6-A273-7C13-0B7B-556FF7511704}</UniqueIdentifier>
    </Filter>
    <Filter Include="Platform">
      <UniqueIdentifier>{2AC788B4-1694-E3BF-3FAD-D1672BD9184E}</UniqueIdentifier>
    </Filter>
    <Filter Include="Platform\Windows">
      <UniqueIdentifier>{64FBD71A-50F4-F66C-7926-DCF1657ED678}</UniqueIdentifier>
    </Filter>
  </ItemGroup>
  <ItemGroup>
    <ClInclude Include="src\Can.h" />
    <ClInclude Include="src\Can\Application.h">
      <Filter>Can</Filter>
    </ClInclude>
    <ClInclude Include="src\Can\Core.h">
      <Filter>Can</Filter>
    </ClInclude>
    <ClInclude Include="src\Can\EntryPoint.h">
      <Filter>Can</Filter>
    </ClInclude>
    <ClInclude Include="src\Can\Events\ApplicationEvent.h">
      <Filter>Can\Events</Filter>
    </ClInclude>
    <ClInclude Include="src\Can\Events\Event.h">
      <Filter>Can\Events</Filter>
    </ClInclude>
    <ClInclude Include="src\Can\Events\KeyEvent.h">
      <Filter>Can\Events</Filter>
    </ClInclude>
    <ClInclude Include="src\Can\Events\MouseEvent.h">
      <Filter>Can\Events</Filter>
    </ClInclude>
    <ClInclude Include="src\Can\Input.h">
      <Filter>Can</Filter>
    </ClInclude>
    <ClInclude Include="src\Can\KeyCode.h">
      <Filter>Can</Filter>
    </ClInclude>
    <ClInclude Include="src\Can\Layers\ImGuiLayer.h">
      <Filter>Can\Layers</Filter>
    </ClInclude>
    <ClInclude Include="src\Can\Layers\Layer.h">
      <Filter>Can\Layers</Filter>
    </ClInclude>
    <ClInclude Include="src\Can\Layers\LayerStack.h">
      <Filter>Can\Layers</Filter>
    </ClInclude>
    <ClInclude Include="src\Can\Log.h">
      <Filter>Can</Filter>
    </ClInclude>
    <ClInclude Include="src\Can\MouseButtonCode.h">
      <Filter>Can</Filter>
    </ClInclude>
    <ClInclude Include="src\Can\Window.h">
      <Filter>Can</Filter>
    </ClInclude>
    <ClInclude Include="src\Platform\Windows\WindowsInput.h">
      <Filter>Platform\Windows</Filter>
    </ClInclude>
    <ClInclude Include="src\Platform\Windows\WindowsWindow.h">
      <Filter>Platform\Windows</Filter>
    </ClInclude>
    <ClInclude Include="src\canpch.h" />
    <ClInclude Include="src\Can\Renderer\GraphicsContext.h" />
    <ClInclude Include="src\Platform\OpenGl\OpenGLContext.h" />
    <ClInclude Include="src\Can\Renderer\Shader.h" />
  </ItemGroup>
  <ItemGroup>
    <ClCompile Include="src\Can\Application.cpp">
      <Filter>Can</Filter>
    </ClCompile>
    <ClCompile Include="src\Can\Layers\ImGuiBuild.cpp">
      <Filter>Can\Layers</Filter>
    </ClCompile>
    <ClCompile Include="src\Can\Layers\ImGuiLayer.cpp">
      <Filter>Can\Layers</Filter>
    </ClCompile>
    <ClCompile Include="src\Can\Layers\Layer.cpp">
      <Filter>Can\Layers</Filter>
    </ClCompile>
    <ClCompile Include="src\Can\Layers\LayerStack.cpp">
      <Filter>Can\Layers</Filter>
    </ClCompile>
    <ClCompile Include="src\Can\Log.cpp">
      <Filter>Can</Filter>
    </ClCompile>
    <ClCompile Include="src\Platform\Windows\WindowsInput.cpp">
      <Filter>Platform\Windows</Filter>
    </ClCompile>
    <ClCompile Include="src\Platform\Windows\WindowsWindow.cpp">
      <Filter>Platform\Windows</Filter>
    </ClCompile>
    <ClCompile Include="src\canpch.cpp" />
    <ClCompile Include="src\Platform\OpenGl\OpenGLContext.cpp" />
    <ClCompile Include="src\Can\Renderer\Shader.cpp" />
  </ItemGroup>
</Project>