<?xml version="1.0" encoding="utf-8"?>
<Project ToolsVersion="4.0" xmlns="http://schemas.microsoft.com/developer/msbuild/2003">
  <ItemGroup>
    <Filter Include="SnakeGame">
      <UniqueIdentifier>{F1EB7366-5D56-28DD-A694-D982123E0632}</UniqueIdentifier>
    </Filter>
    <Filter Include="SnakeGame2">
      <UniqueIdentifier>{436AF134-2F22-3382-9829-0CDE8400CE72}</UniqueIdentifier>
    </Filter>
  </ItemGroup>
  <ItemGroup>
    <ClInclude Include="src\SandBox2DLayer.h" />
    <ClInclude Include="src\SandBox3D.h" />
  </ItemGroup>
  <ItemGroup>
    <ClCompile Include="src\SandBox2DLayer.cpp" />
    <ClCompile Include="src\SandBox3D.cpp" />
    <ClCompile Include="src\SandBoxApp.cpp" />
  </ItemGroup>
</Project>